
Microsoft Visual Studio Solution File, Format Version 12.00
# Visual Studio Version 16
VisualStudioVersion = 16.0.31515.178
MinimumVisualStudioVersion = 10.0.40219.1
Project("{FAE04EC0-301F-11D3-BF4B-00C04F79EFBC}") = "RegLog", "RegLog.csproj", "{4CB8AE8B-459B-4458-9A50-EB92AEE16331}"
EndProject
Global
	GlobalSection(SolutionConfigurationPlatforms) = preSolution
		Debug|Any CPU = Debug|Any CPU
		Release|Any CPU = Release|Any CPU
	EndGlobalSection
	GlobalSection(ProjectConfigurationPlatforms) = postSolution
		{4CB8AE8B-459B-4458-9A50-EB92AEE16331}.Debug|Any CPU.ActiveCfg = Debug|Any CPU
		{4CB8AE8B-459B-4458-9A50-EB92AEE16331}.Debug|Any CPU.Build.0 = Debug|Any CPU
		{4CB8AE8B-459B-4458-9A50-EB92AEE16331}.Release|Any CPU.ActiveCfg = Release|Any CPU
		{4CB8AE8B-459B-4458-9A50-EB92AEE16331}.Release|Any CPU.Build.0 = Release|Any CPU
	EndGlobalSection
	GlobalSection(SolutionProperties) = preSolution
		HideSolutionNode = FALSE
	EndGlobalSection
	GlobalSection(ExtensibilityGlobals) = postSolution
		SolutionGuid = {145ED92D-92B4-4EDD-866E-88E6B8BC5E9D}
	EndGlobalSection
EndGlobal
